// !$*UTF8*$!
{
	archiveVersion = 1;
	classes = {
	};
	objectVersion = 52;
	objects = {

/* Begin PBXBuildFile section */
		2003185624CE6DF700BF3FF7 /* PickerView.swift in Sources */ = {isa = PBXBuildFile; fileRef = 2003185524CE6DF700BF3FF7 /* PickerView.swift */; };
		2003185924CE8E0E00BF3FF7 /* SDWebImageSwiftUI in Frameworks */ = {isa = PBXBuildFile; productRef = 2003185824CE8E0E00BF3FF7 /* SDWebImageSwiftUI */; };
		207FF85724CB631A00D06309 /* Covid19_BR_02App.swift in Sources */ = {isa = PBXBuildFile; fileRef = 207FF85624CB631A00D06309 /* Covid19_BR_02App.swift */; };
		207FF85924CB631A00D06309 /* ContentView.swift in Sources */ = {isa = PBXBuildFile; fileRef = 207FF85824CB631A00D06309 /* ContentView.swift */; };
		207FF85B24CB631A00D06309 /* Assets.xcassets in Resources */ = {isa = PBXBuildFile; fileRef = 207FF85A24CB631A00D06309 /* Assets.xcassets */; };
		207FF85E24CB631A00D06309 /* Preview Assets.xcassets in Resources */ = {isa = PBXBuildFile; fileRef = 207FF85D24CB631A00D06309 /* Preview Assets.xcassets */; };
		2084E74124CBC96400322652 /* CovidData.swift in Sources */ = {isa = PBXBuildFile; fileRef = 2084E74024CBC96400322652 /* CovidData.swift */; };
		2084E74324CBE83100322652 /* Extenss.swift in Sources */ = {isa = PBXBuildFile; fileRef = 2084E74224CBE83100322652 /* Extenss.swift */; };
		2084E74524CBF56F00322652 /* Model.swift in Sources */ = {isa = PBXBuildFile; fileRef = 2084E74424CBF56F00322652 /* Model.swift */; };
/* End PBXBuildFile section */

/* Begin PBXFileReference section */
		2003185524CE6DF700BF3FF7 /* PickerView.swift */ = {isa = PBXFileReference; lastKnownFileType = sourcecode.swift; path = PickerView.swift; sourceTree = "<group>"; };
		207FF85324CB631A00D06309 /* Covid19_BR_02.app */ = {isa = PBXFileReference; explicitFileType = wrapper.application; includeInIndex = 0; path = Covid19_BR_02.app; sourceTree = BUILT_PRODUCTS_DIR; };
		207FF85624CB631A00D06309 /* Covid19_BR_02App.swift */ = {isa = PBXFileReference; lastKnownFileType = sourcecode.swift; path = Covid19_BR_02App.swift; sourceTree = "<group>"; };
		207FF85824CB631A00D06309 /* ContentView.swift */ = {isa = PBXFileReference; lastKnownFileType = sourcecode.swift; path = ContentView.swift; sourceTree = "<group>"; };
		207FF85A24CB631A00D06309 /* Assets.xcassets */ = {isa = PBXFileReference; lastKnownFileType = folder.assetcatalog; path = Assets.xcassets; sourceTree = "<group>"; };
		207FF85D24CB631A00D06309 /* Preview Assets.xcassets */ = {isa = PBXFileReference; lastKnownFileType = folder.assetcatalog; path = "Preview Assets.xcassets"; sourceTree = "<group>"; };
		207FF85F24CB631A00D06309 /* Info.plist */ = {isa = PBXFileReference; lastKnownFileType = text.plist.xml; path = Info.plist; sourceTree = "<group>"; };
		2084E74024CBC96400322652 /* CovidData.swift */ = {isa = PBXFileReference; lastKnownFileType = sourcecode.swift; path = CovidData.swift; sourceTree = "<group>"; };
		2084E74224CBE83100322652 /* Extenss.swift */ = {isa = PBXFileReference; lastKnownFileType = sourcecode.swift; path = Extenss.swift; sourceTree = "<group>"; };
		2084E74424CBF56F00322652 /* Model.swift */ = {isa = PBXFileReference; lastKnownFileType = sourcecode.swift; path = Model.swift; sourceTree = "<group>"; };
/* End PBXFileReference section */

/* Begin PBXFrameworksBuildPhase section */
		207FF85024CB631A00D06309 /* Frameworks */ = {
			isa = PBXFrameworksBuildPhase;
			buildActionMask = 2147483647;
			files = (
				2003185924CE8E0E00BF3FF7 /* SDWebImageSwiftUI in Frameworks */,
			);
			runOnlyForDeploymentPostprocessing = 0;
		};
/* End PBXFrameworksBuildPhase section */

/* Begin PBXGroup section */
		207FF84A24CB631900D06309 = {
			isa = PBXGroup;
			children = (
				207FF85524CB631A00D06309 /* Covid19_BR_02 */,
				207FF85424CB631A00D06309 /* Products */,
			);
			sourceTree = "<group>";
		};
		207FF85424CB631A00D06309 /* Products */ = {
			isa = PBXGroup;
			children = (
				207FF85324CB631A00D06309 /* Covid19_BR_02.app */,
			);
			name = Products;
			sourceTree = "<group>";
		};
		207FF85524CB631A00D06309 /* Covid19_BR_02 */ = {
			isa = PBXGroup;
			children = (
				207FF85624CB631A00D06309 /* Covid19_BR_02App.swift */,
				207FF85824CB631A00D06309 /* ContentView.swift */,
				2003185524CE6DF700BF3FF7 /* PickerView.swift */,
				2084E74024CBC96400322652 /* CovidData.swift */,
				2084E74424CBF56F00322652 /* Model.swift */,
				2084E74224CBE83100322652 /* Extenss.swift */,
				207FF85A24CB631A00D06309 /* Assets.xcassets */,
				207FF85F24CB631A00D06309 /* Info.plist */,
				207FF85C24CB631A00D06309 /* Preview Content */,
			);
			path = Covid19_BR_02;
			sourceTree = "<group>";
		};
		207FF85C24CB631A00D06309 /* Preview Content */ = {
			isa = PBXGroup;
			children = (
				207FF85D24CB631A00D06309 /* Preview Assets.xcassets */,
			);
			path = "Preview Content";
			sourceTree = "<group>";
		};
/* End PBXGroup section */

/* Begin PBXNativeTarget section */
		207FF85224CB631A00D06309 /* Covid19_BR_02 */ = {
			isa = PBXNativeTarget;
			buildConfigurationList = 207FF86224CB631A00D06309 /* Build configuration list for PBXNativeTarget "Covid19_BR_02" */;
			buildPhases = (
				207FF84F24CB631A00D06309 /* Sources */,
				207FF85024CB631A00D06309 /* Frameworks */,
				207FF85124CB631A00D06309 /* Resources */,
			);
			buildRules = (
			);
			dependencies = (
			);
			name = Covid19_BR_02;
			packageProductDependencies = (
				2003185824CE8E0E00BF3FF7 /* SDWebImageSwiftUI */,
			);
			productName = Covid19_BR_02;
			productReference = 207FF85324CB631A00D06309 /* Covid19_BR_02.app */;
			productType = "com.apple.product-type.application";
		};
/* End PBXNativeTarget section */

/* Begin PBXProject section */
		207FF84B24CB631900D06309 /* Project object */ = {
			isa = PBXProject;
			attributes = {
				LastSwiftUpdateCheck = 1200;
				LastUpgradeCheck = 1200;
				TargetAttributes = {
					207FF85224CB631A00D06309 = {
						CreatedOnToolsVersion = 12.0;
					};
				};
			};
			buildConfigurationList = 207FF84E24CB631900D06309 /* Build configuration list for PBXProject "Covid19_BR_02" */;
			compatibilityVersion = "Xcode 9.3";
			developmentRegion = en;
			hasScannedForEncodings = 0;
			knownRegions = (
				en,
				Base,
			);
			mainGroup = 207FF84A24CB631900D06309;
			packageReferences = (
				2003185724CE8E0E00BF3FF7 /* XCRemoteSwiftPackageReference "SDWebImageSwiftUI" */,
			);
			productRefGroup = 207FF85424CB631A00D06309 /* Products */;
			projectDirPath = "";
			projectRoot = "";
			targets = (
				207FF85224CB631A00D06309 /* Covid19_BR_02 */,
			);
		};
/* End PBXProject section */

/* Begin PBXResourcesBuildPhase section */
		207FF85124CB631A00D06309 /* Resources */ = {
			isa = PBXResourcesBuildPhase;
			buildActionMask = 2147483647;
			files = (
				207FF85E24CB631A00D06309 /* Preview Assets.xcassets in Resources */,
				207FF85B24CB631A00D06309 /* Assets.xcassets in Resources */,
			);
			runOnlyForDeploymentPostprocessing = 0;
		};
/* End PBXResourcesBuildPhase section */

/* Begin PBXSourcesBuildPhase section */
		207FF84F24CB631A00D06309 /* Sources */ = {
			isa = PBXSourcesBuildPhase;
			buildActionMask = 2147483647;
			files = (
				2084E74524CBF56F00322652 /* Model.swift in Sources */,
				2084E74124CBC96400322652 /* CovidData.swift in Sources */,
				207FF85924CB631A00D06309 /* ContentView.swift in Sources */,
				2003185624CE6DF700BF3FF7 /* PickerView.swift in Sources */,
				2084E74324CBE83100322652 /* Extenss.swift in Sources */,
				207FF85724CB631A00D06309 /* Covid19_BR_02App.swift in Sources */,
			);
			runOnlyForDeploymentPostprocessing = 0;
		};
/* End PBXSourcesBuildPhase section */

/* Begin XCBuildConfiguration section */
		207FF86024CB631A00D06309 /* Debug */ = {
			isa = XCBuildConfiguration;
			buildSettings = {
				ALWAYS_SEARCH_USER_PATHS = NO;
				CLANG_ANALYZER_NONNULL = YES;
				CLANG_ANALYZER_NUMBER_OBJECT_CONVERSION = YES_AGGRESSIVE;
				CLANG_CXX_LANGUAGE_STANDARD = "gnu++14";
				CLANG_CXX_LIBRARY = "libc++";
				CLANG_ENABLE_MODULES = YES;
				CLANG_ENABLE_OBJC_ARC = YES;
				CLANG_ENABLE_OBJC_WEAK = YES;
				CLANG_WARN_BLOCK_CAPTURE_AUTORELEASING = YES;
				CLANG_WARN_BOOL_CONVERSION = YES;
				CLANG_WARN_COMMA = YES;
				CLANG_WARN_CONSTANT_CONVERSION = YES;
				CLANG_WARN_DEPRECATED_OBJC_IMPLEMENTATIONS = YES;
				CLANG_WARN_DIRECT_OBJC_ISA_USAGE = YES_ERROR;
				CLANG_WARN_DOCUMENTATION_COMMENTS = YES;
				CLANG_WARN_EMPTY_BODY = YES;
				CLANG_WARN_ENUM_CONVERSION = YES;
				CLANG_WARN_INFINITE_RECURSION = YES;
				CLANG_WARN_INT_CONVERSION = YES;
				CLANG_WARN_NON_LITERAL_NULL_CONVERSION = YES;
				CLANG_WARN_OBJC_IMPLICIT_RETAIN_SELF = YES;
				CLANG_WARN_OBJC_LITERAL_CONVERSION = YES;
				CLANG_WARN_OBJC_ROOT_CLASS = YES_ERROR;
				CLANG_WARN_QUOTED_INCLUDE_IN_FRAMEWORK_HEADER = YES;
				CLANG_WARN_RANGE_LOOP_ANALYSIS = YES;
				CLANG_WARN_STRICT_PROTOTYPES = YES;
				CLANG_WARN_SUSPICIOUS_MOVE = YES;
				CLANG_WARN_UNGUARDED_AVAILABILITY = YES_AGGRESSIVE;
				CLANG_WARN_UNREACHABLE_CODE = YES;
				CLANG_WARN__DUPLICATE_METHOD_MATCH = YES;
				COPY_PHASE_STRIP = NO;
				DEBUG_INFORMATION_FORMAT = dwarf;
				ENABLE_STRICT_OBJC_MSGSEND = YES;
				ENABLE_TESTABILITY = YES;
				GCC_C_LANGUAGE_STANDARD = gnu11;
				GCC_DYNAMIC_NO_PIC = NO;
				GCC_NO_COMMON_BLOCKS = YES;
				GCC_OPTIMIZATION_LEVEL = 0;
				GCC_PREPROCESSOR_DEFINITIONS = (
					"DEBUG=1",
					"$(inherited)",
				);
				GCC_WARN_64_TO_32_BIT_CONVERSION = YES;
				GCC_WARN_ABOUT_RETURN_TYPE = YES_ERROR;
				GCC_WARN_UNDECLARED_SELECTOR = YES;
				GCC_WARN_UNINITIALIZED_AUTOS = YES_AGGRESSIVE;
				GCC_WARN_UNUSED_FUNCTION = YES;
				GCC_WARN_UNUSED_VARIABLE = YES;
				IPHONEOS_DEPLOYMENT_TARGET = 14.0;
				MTL_ENABLE_DEBUG_INFO = INCLUDE_SOURCE;
				MTL_FAST_MATH = YES;
				ONLY_ACTIVE_ARCH = YES;
				SDKROOT = iphoneos;
				SWIFT_ACTIVE_COMPILATION_CONDITIONS = DEBUG;
				SWIFT_OPTIMIZATION_LEVEL = "-Onone";
			};
			name = Debug;
		};
		207FF86124CB631A00D06309 /* Release */ = {
			isa = XCBuildConfiguration;
			buildSettings = {
				ALWAYS_SEARCH_USER_PATHS = NO;
				CLANG_ANALYZER_NONNULL = YES;
				CLANG_ANALYZER_NUMBER_OBJECT_CONVERSION = YES_AGGRESSIVE;
				CLANG_CXX_LANGUAGE_STANDARD = "gnu++14";
				CLANG_CXX_LIBRARY = "libc++";
				CLANG_ENABLE_MODULES = YES;
				CLANG_ENABLE_OBJC_ARC = YES;
				CLANG_ENABLE_OBJC_WEAK = YES;
				CLANG_WARN_BLOCK_CAPTURE_AUTORELEASING = YES;
				CLANG_WARN_BOOL_CONVERSION = YES;
				CLANG_WARN_COMMA = YES;
				CLANG_WARN_CONSTANT_CONVERSION = YES;
				CLANG_WARN_DEPRECATED_OBJC_IMPLEMENTATIONS = YES;
				CLANG_WARN_DIRECT_OBJC_ISA_USAGE = YES_ERROR;
				CLANG_WARN_DOCUMENTATION_COMMENTS = YES;
				CLANG_WARN_EMPTY_BODY = YES;
				CLANG_WARN_ENUM_CONVERSION = YES;
				CLANG_WARN_INFINITE_RECURSION = YES;
				CLANG_WARN_INT_CONVERSION = YES;
				CLANG_WARN_NON_LITERAL_NULL_CONVERSION = YES;
				CLANG_WARN_OBJC_IMPLICIT_RETAIN_SELF = YES;
				CLANG_WARN_OBJC_LITERAL_CONVERSION = YES;
				CLANG_WARN_OBJC_ROOT_CLASS = YES_ERROR;
				CLANG_WARN_QUOTED_INCLUDE_IN_FRAMEWORK_HEADER = YES;
				CLANG_WARN_RANGE_LOOP_ANALYSIS = YES;
				CLANG_WARN_STRICT_PROTOTYPES = YES;
				CLANG_WARN_SUSPICIOUS_MOVE = YES;
				CLANG_WARN_UNGUARDED_AVAILABILITY = YES_AGGRESSIVE;
				CLANG_WARN_UNREACHABLE_CODE = YES;
				CLANG_WARN__DUPLICATE_METHOD_MATCH = YES;
				COPY_PHASE_STRIP = NO;
				DEBUG_INFORMATION_FORMAT = "dwarf-with-dsym";
				ENABLE_NS_ASSERTIONS = NO;
				ENABLE_STRICT_OBJC_MSGSEND = YES;
				GCC_C_LANGUAGE_STANDARD = gnu11;
				GCC_NO_COMMON_BLOCKS = YES;
				GCC_WARN_64_TO_32_BIT_CONVERSION = YES;
				GCC_WARN_ABOUT_RETURN_TYPE = YES_ERROR;
				GCC_WARN_UNDECLARED_SELECTOR = YES;
				GCC_WARN_UNINITIALIZED_AUTOS = YES_AGGRESSIVE;
				GCC_WARN_UNUSED_FUNCTION = YES;
				GCC_WARN_UNUSED_VARIABLE = YES;
				IPHONEOS_DEPLOYMENT_TARGET = 14.0;
				MTL_ENABLE_DEBUG_INFO = NO;
				MTL_FAST_MATH = YES;
				SDKROOT = iphoneos;
				SWIFT_COMPILATION_MODE = wholemodule;
				SWIFT_OPTIMIZATION_LEVEL = "-O";
				VALIDATE_PRODUCT = YES;
			};
			name = Release;
		};
		207FF86324CB631A00D06309 /* Debug */ = {
			isa = XCBuildConfiguration;
			buildSettings = {
				ASSETCATALOG_COMPILER_APPICON_NAME = AppIcon;
				ASSETCATALOG_COMPILER_GLOBAL_ACCENT_COLOR_NAME = AccentColor;
				CODE_SIGN_STYLE = Automatic;
				DEVELOPMENT_ASSET_PATHS = "\"Covid19_BR_02/Preview Content\"";
				DEVELOPMENT_TEAM = CRZL2UUGWW;
				ENABLE_PREVIEWS = YES;
				INFOPLIST_FILE = Covid19_BR_02/Info.plist;
				IPHONEOS_DEPLOYMENT_TARGET = 14.0;
				LD_RUNPATH_SEARCH_PATHS = (
					"$(inherited)",
					"@executable_path/Frameworks",
				);
				PRODUCT_BUNDLE_IDENTIFIER = "com.nazildosouza.Covid19-BR-02";
				PRODUCT_NAME = "$(TARGET_NAME)";
				SWIFT_VERSION = 5.0;
				TARGETED_DEVICE_FAMILY = "1,2";
			};
			name = Debug;
		};
		207FF86424CB631A00D06309 /* Release */ = {
			isa = XCBuildConfiguration;
			buildSettings = {
				ASSETCATALOG_COMPILER_APPICON_NAME = AppIcon;
				ASSETCATALOG_COMPILER_GLOBAL_ACCENT_COLOR_NAME = AccentColor;
				CODE_SIGN_STYLE = Automatic;
				DEVELOPMENT_ASSET_PATHS = "\"Covid19_BR_02/Preview Content\"";
				DEVELOPMENT_TEAM = CRZL2UUGWW;
				ENABLE_PREVIEWS = YES;
				INFOPLIST_FILE = Covid19_BR_02/Info.plist;
				IPHONEOS_DEPLOYMENT_TARGET = 14.0;
				LD_RUNPATH_SEARCH_PATHS = (
					"$(inherited)",
					"@executable_path/Frameworks",
				);
				PRODUCT_BUNDLE_IDENTIFIER = "com.nazildosouza.Covid19-BR-02";
				PRODUCT_NAME = "$(TARGET_NAME)";
				SWIFT_VERSION = 5.0;
				TARGETED_DEVICE_FAMILY = "1,2";
			};
			name = Release;
		};
/* End XCBuildConfiguration section */

/* Begin XCConfigurationList section */
		207FF84E24CB631900D06309 /* Build configuration list for PBXProject "Covid19_BR_02" */ = {
			isa = XCConfigurationList;
			buildConfigurations = (
				207FF86024CB631A00D06309 /* Debug */,
				207FF86124CB631A00D06309 /* Release */,
			);
			defaultConfigurationIsVisible = 0;
			defaultConfigurationName = Release;
		};
		207FF86224CB631A00D06309 /* Build configuration list for PBXNativeTarget "Covid19_BR_02" */ = {
			isa = XCConfigurationList;
			buildConfigurations = (
				207FF86324CB631A00D06309 /* Debug */,
				207FF86424CB631A00D06309 /* Release */,
			);
			defaultConfigurationIsVisible = 0;
			defaultConfigurationName = Release;
		};
/* End XCConfigurationList section */

/* Begin XCRemoteSwiftPackageReference section */
		2003185724CE8E0E00BF3FF7 /* XCRemoteSwiftPackageReference "SDWebImageSwiftUI" */ = {
			isa = XCRemoteSwiftPackageReference;
			repositoryURL = "https://github.com/SDWebImage/SDWebImageSwiftUI.git";
			requirement = {
				kind = upToNextMajorVersion;
				minimumVersion = 1.5.0;
			};
		};
/* End XCRemoteSwiftPackageReference section */

/* Begin XCSwiftPackageProductDependency section */
		2003185824CE8E0E00BF3FF7 /* SDWebImageSwiftUI */ = {
			isa = XCSwiftPackageProductDependency;
			package = 2003185724CE8E0E00BF3FF7 /* XCRemoteSwiftPackageReference "SDWebImageSwiftUI" */;
			productName = SDWebImageSwiftUI;
		};
/* End XCSwiftPackageProductDependency section */
	};
	rootObject = 207FF84B24CB631900D06309 /* Project object */;
}
